
Microsoft Visual Studio Solution File, Format Version 12.00
# Visual Studio Version 17
VisualStudioVersion = 17.6.33815.320
MinimumVisualStudioVersion = 10.0.40219.1
Project("{FAE04EC0-301F-11D3-BF4B-00C04F79EFBC}") = "TMT", "TMT\TMT.csproj", "{AD735CE3-2C31-4634-83C9-9A279D2E0442}"
EndProject
Global
	GlobalSection(SolutionConfigurationPlatforms) = preSolution
		Debug|Any CPU = Debug|Any CPU
		Release|Any CPU = Release|Any CPU
	EndGlobalSection
	GlobalSection(ProjectConfigurationPlatforms) = postSolution
		{AD735CE3-2C31-4634-83C9-9A279D2E0442}.Debug|Any CPU.ActiveCfg = Debug|Any CPU
		{AD735CE3-2C31-4634-83C9-9A279D2E0442}.Debug|Any CPU.Build.0 = Debug|Any CPU
		{AD735CE3-2C31-4634-83C9-9A279D2E0442}.Release|Any CPU.ActiveCfg = Release|Any CPU
		{AD735CE3-2C31-4634-83C9-9A279D2E0442}.Release|Any CPU.Build.0 = Release|Any CPU
	EndGlobalSection
	GlobalSection(SolutionProperties) = preSolution
		HideSolutionNode = FALSE
	EndGlobalSection
	GlobalSection(ExtensibilityGlobals) = postSolution
		SolutionGuid = {904D5C6C-24ED-410D-8195-3AFF80DD9747}
	EndGlobalSection
EndGlobal
